
Microsoft Visual Studio Solution File, Format Version 12.00
# Visual Studio 15
VisualStudioVersion = 15.0.26430.13
MinimumVisualStudioVersion = 10.0.40219.1
Project("{FAE04EC0-301F-11D3-BF4B-00C04F79EFBC}") = "iayos.flashcardapi.ServiceModel", "iayos.flashcardapi.ServiceModel\iayos.flashcardapi.ServiceModel.csproj", "{24821241-2CF6-4D45-B0D2-8CBC367196E8}"
EndProject
Project("{FAE04EC0-301F-11D3-BF4B-00C04F79EFBC}") = "iayos.flashcardapi.Domain", "iayos.flashcardapi.Domain\iayos.flashcardapi.Domain.csproj", "{97DE0252-4E3E-4836-8578-9DFB63DC0D5B}"
EndProject
Project("{FAE04EC0-301F-11D3-BF4B-00C04F79EFBC}") = "iayos.flashcardapi.DomainModel", "iayos.flashcardapi.DomainModel\iayos.flashcardapi.DomainModel.csproj", "{494A9C5A-10CF-4F6A-97BB-D3A4E9D5B49B}"
EndProject
Project("{FAE04EC0-301F-11D3-BF4B-00C04F79EFBC}") = "iayos.flashcardapi.Api.Test", "iayos.flashcardapi.Api.Test\iayos.flashcardapi.Api.Test.csproj", "{489A5DE5-3211-4C54-9A67-8AC8D3621145}"
EndProject
Project("{FAE04EC0-301F-11D3-BF4B-00C04F79EFBC}") = "iayos.flashcardapi.Domain.Concrete", "iayos.flashcardapi.Domain.Concrete\iayos.flashcardapi.Domain.Concrete.csproj", "{3B2B17E5-17E8-4012-B814-FF3C6C6F9E24}"
EndProject
Project("{FAE04EC0-301F-11D3-BF4B-00C04F79EFBC}") = "iayos.flashcardapi.Domain.Concrete.MsSql", "iayos.flashcardapi.Domain.Concrete.MsSql\iayos.flashcardapi.Domain.Concrete.MsSql.csproj", "{3456D800-0DC5-4A13-A5A5-A32B5EFCE9B2}"
EndProject
Project("{FAE04EC0-301F-11D3-BF4B-00C04F79EFBC}") = "iayos.flashcardapi.Domain.Concrete.MsSql.Deploy", "iayos.flashcardapi.Domain.Concrete.MsSql.Deploy\iayos.flashcardapi.Domain.Concrete.MsSql.Deploy.csproj", "{34F8BB44-5F9B-4D34-B9ED-0978E26CD6A4}"
EndProject
Project("{FAE04EC0-301F-11D3-BF4B-00C04F79EFBC}") = "iayos.flashcardapi.Domain.Dto", "iayos.flashcardapi.Domain.Dto\iayos.flashcardapi.Domain.Dto.csproj", "{6AF7F357-5A1C-49A7-A060-1B5E1544AE9D}"
EndProject
Project("{FAE04EC0-301F-11D3-BF4B-00C04F79EFBC}") = "iayos.flashcardapi.Api", "iayos.flashcardapi.Api\iayos.flashcardapi.Api.csproj", "{90E0CF20-F9CF-41C5-9E03-4431C471C4CB}"
EndProject
Global
	GlobalSection(SolutionConfigurationPlatforms) = preSolution
		Debug|Any CPU = Debug|Any CPU
		Release|Any CPU = Release|Any CPU
	EndGlobalSection
	GlobalSection(ProjectConfigurationPlatforms) = postSolution
		{24821241-2CF6-4D45-B0D2-8CBC367196E8}.Debug|Any CPU.ActiveCfg = Debug|Any CPU
		{24821241-2CF6-4D45-B0D2-8CBC367196E8}.Debug|Any CPU.Build.0 = Debug|Any CPU
		{24821241-2CF6-4D45-B0D2-8CBC367196E8}.Release|Any CPU.ActiveCfg = Release|Any CPU
		{24821241-2CF6-4D45-B0D2-8CBC367196E8}.Release|Any CPU.Build.0 = Release|Any CPU
		{97DE0252-4E3E-4836-8578-9DFB63DC0D5B}.Debug|Any CPU.ActiveCfg = Debug|Any CPU
		{97DE0252-4E3E-4836-8578-9DFB63DC0D5B}.Debug|Any CPU.Build.0 = Debug|Any CPU
		{97DE0252-4E3E-4836-8578-9DFB63DC0D5B}.Release|Any CPU.ActiveCfg = Release|Any CPU
		{97DE0252-4E3E-4836-8578-9DFB63DC0D5B}.Release|Any CPU.Build.0 = Release|Any CPU
		{494A9C5A-10CF-4F6A-97BB-D3A4E9D5B49B}.Debug|Any CPU.ActiveCfg = Debug|Any CPU
		{494A9C5A-10CF-4F6A-97BB-D3A4E9D5B49B}.Debug|Any CPU.Build.0 = Debug|Any CPU
		{494A9C5A-10CF-4F6A-97BB-D3A4E9D5B49B}.Release|Any CPU.ActiveCfg = Release|Any CPU
		{494A9C5A-10CF-4F6A-97BB-D3A4E9D5B49B}.Release|Any CPU.Build.0 = Release|Any CPU
		{489A5DE5-3211-4C54-9A67-8AC8D3621145}.Debug|Any CPU.ActiveCfg = Debug|Any CPU
		{489A5DE5-3211-4C54-9A67-8AC8D3621145}.Debug|Any CPU.Build.0 = Debug|Any CPU
		{489A5DE5-3211-4C54-9A67-8AC8D3621145}.Release|Any CPU.ActiveCfg = Release|Any CPU
		{489A5DE5-3211-4C54-9A67-8AC8D3621145}.Release|Any CPU.Build.0 = Release|Any CPU
		{3B2B17E5-17E8-4012-B814-FF3C6C6F9E24}.Debug|Any CPU.ActiveCfg = Debug|Any CPU
		{3B2B17E5-17E8-4012-B814-FF3C6C6F9E24}.Debug|Any CPU.Build.0 = Debug|Any CPU
		{3B2B17E5-17E8-4012-B814-FF3C6C6F9E24}.Release|Any CPU.ActiveCfg = Release|Any CPU
		{3B2B17E5-17E8-4012-B814-FF3C6C6F9E24}.Release|Any CPU.Build.0 = Release|Any CPU
		{3456D800-0DC5-4A13-A5A5-A32B5EFCE9B2}.Debug|Any CPU.ActiveCfg = Debug|Any CPU
		{3456D800-0DC5-4A13-A5A5-A32B5EFCE9B2}.Debug|Any CPU.Build.0 = Debug|Any CPU
		{3456D800-0DC5-4A13-A5A5-A32B5EFCE9B2}.Release|Any CPU.ActiveCfg = Release|Any CPU
		{3456D800-0DC5-4A13-A5A5-A32B5EFCE9B2}.Release|Any CPU.Build.0 = Release|Any CPU
		{34F8BB44-5F9B-4D34-B9ED-0978E26CD6A4}.Debug|Any CPU.ActiveCfg = Debug|Any CPU
		{34F8BB44-5F9B-4D34-B9ED-0978E26CD6A4}.Debug|Any CPU.Build.0 = Debug|Any CPU
		{34F8BB44-5F9B-4D34-B9ED-0978E26CD6A4}.Release|Any CPU.ActiveCfg = Release|Any CPU
		{34F8BB44-5F9B-4D34-B9ED-0978E26CD6A4}.Release|Any CPU.Build.0 = Release|Any CPU
		{6AF7F357-5A1C-49A7-A060-1B5E1544AE9D}.Debug|Any CPU.ActiveCfg = Debug|Any CPU
		{6AF7F357-5A1C-49A7-A060-1B5E1544AE9D}.Debug|Any CPU.Build.0 = Debug|Any CPU
		{6AF7F357-5A1C-49A7-A060-1B5E1544AE9D}.Release|Any CPU.ActiveCfg = Release|Any CPU
		{6AF7F357-5A1C-49A7-A060-1B5E1544AE9D}.Release|Any CPU.Build.0 = Release|Any CPU
		{90E0CF20-F9CF-41C5-9E03-4431C471C4CB}.Debug|Any CPU.ActiveCfg = Debug|Any CPU
		{90E0CF20-F9CF-41C5-9E03-4431C471C4CB}.Debug|Any CPU.Build.0 = Debug|Any CPU
		{90E0CF20-F9CF-41C5-9E03-4431C471C4CB}.Release|Any CPU.ActiveCfg = Release|Any CPU
		{90E0CF20-F9CF-41C5-9E03-4431C471C4CB}.Release|Any CPU.Build.0 = Release|Any CPU
	EndGlobalSection
	GlobalSection(SolutionProperties) = preSolution
		HideSolutionNode = FALSE
	EndGlobalSection
EndGlobal
